
Microsoft Visual Studio Solution File, Format Version 12.00
# Visual Studio Version 17
VisualStudioVersion = 17.14.37111.16
MinimumVisualStudioVersion = 10.0.40219.1
Project("{FAE04EC0-301F-11D3-BF4B-00C04F79EFBC}") = "PPL3_Banhangonline", "PPL3_Banhangonline\PPL3_Banhangonline.csproj", "{1D8CC0D9-69B6-4FB3-934B-C739FBBE1167}"
EndProject
Global
	GlobalSection(SolutionConfigurationPlatforms) = preSolution
		Debug|Any CPU = Debug|Any CPU
		Release|Any CPU = Release|Any CPU
	EndGlobalSection
	GlobalSection(ProjectConfigurationPlatforms) = postSolution
		{1D8CC0D9-69B6-4FB3-934B-C739FBBE1167}.Debug|Any CPU.ActiveCfg = Debug|Any CPU
		{1D8CC0D9-69B6-4FB3-934B-C739FBBE1167}.Debug|Any CPU.Build.0 = Debug|Any CPU
		{1D8CC0D9-69B6-4FB3-934B-C739FBBE1167}.Release|Any CPU.ActiveCfg = Release|Any CPU
		{1D8CC0D9-69B6-4FB3-934B-C739FBBE1167}.Release|Any CPU.Build.0 = Release|Any CPU
	EndGlobalSection
	GlobalSection(SolutionProperties) = preSolution
		HideSolutionNode = FALSE
	EndGlobalSection
	GlobalSection(ExtensibilityGlobals) = postSolution
		SolutionGuid = {86103A20-488A-40F9-839B-B2876AA7CDF5}
	EndGlobalSection
EndGlobal
